
Microsoft Visual Studio Solution File, Format Version 12.00
# Visual Studio 15
VisualStudioVersion = 15.0.26124.0
MinimumVisualStudioVersion = 15.0.26124.0
Project("{FAE04EC0-301F-11D3-BF4B-00C04F79EFBC}") = "Web", "Web\Web.csproj", "{C5529DCD-940E-4876-8FBC-5285AC0CAD0A}"
EndProject
Project("{FAE04EC0-301F-11D3-BF4B-00C04F79EFBC}") = "Models", "Models\Models.csproj", "{723FA17A-AB9C-46A2-8591-D5764088E045}"
EndProject
Project("{FAE04EC0-301F-11D3-BF4B-00C04F79EFBC}") = "Services", "Services\Services.csproj", "{DBA6FE63-99E9-4356-BEC2-B52019EA99C0}"
EndProject
Global
	GlobalSection(SolutionConfigurationPlatforms) = preSolution
		Debug|Any CPU = Debug|Any CPU
		Debug|x64 = Debug|x64
		Debug|x86 = Debug|x86
		Release|Any CPU = Release|Any CPU
		Release|x64 = Release|x64
		Release|x86 = Release|x86
	EndGlobalSection
	GlobalSection(SolutionProperties) = preSolution
		HideSolutionNode = FALSE
	EndGlobalSection
	GlobalSection(ProjectConfigurationPlatforms) = postSolution
		{C5529DCD-940E-4876-8FBC-5285AC0CAD0A}.Debug|Any CPU.ActiveCfg = Debug|Any CPU
		{C5529DCD-940E-4876-8FBC-5285AC0CAD0A}.Debug|Any CPU.Build.0 = Debug|Any CPU
		{C5529DCD-940E-4876-8FBC-5285AC0CAD0A}.Debug|x64.ActiveCfg = Debug|Any CPU
		{C5529DCD-940E-4876-8FBC-5285AC0CAD0A}.Debug|x64.Build.0 = Debug|Any CPU
		{C5529DCD-940E-4876-8FBC-5285AC0CAD0A}.Debug|x86.ActiveCfg = Debug|Any CPU
		{C5529DCD-940E-4876-8FBC-5285AC0CAD0A}.Debug|x86.Build.0 = Debug|Any CPU
		{C5529DCD-940E-4876-8FBC-5285AC0CAD0A}.Release|Any CPU.ActiveCfg = Release|Any CPU
		{C5529DCD-940E-4876-8FBC-5285AC0CAD0A}.Release|Any CPU.Build.0 = Release|Any CPU
		{C5529DCD-940E-4876-8FBC-5285AC0CAD0A}.Release|x64.ActiveCfg = Release|Any CPU
		{C5529DCD-940E-4876-8FBC-5285AC0CAD0A}.Release|x64.Build.0 = Release|Any CPU
		{C5529DCD-940E-4876-8FBC-5285AC0CAD0A}.Release|x86.ActiveCfg = Release|Any CPU
		{C5529DCD-940E-4876-8FBC-5285AC0CAD0A}.Release|x86.Build.0 = Release|Any CPU
		{723FA17A-AB9C-46A2-8591-D5764088E045}.Debug|Any CPU.ActiveCfg = Debug|Any CPU
		{723FA17A-AB9C-46A2-8591-D5764088E045}.Debug|Any CPU.Build.0 = Debug|Any CPU
		{723FA17A-AB9C-46A2-8591-D5764088E045}.Debug|x64.ActiveCfg = Debug|Any CPU
		{723FA17A-AB9C-46A2-8591-D5764088E045}.Debug|x64.Build.0 = Debug|Any CPU
		{723FA17A-AB9C-46A2-8591-D5764088E045}.Debug|x86.ActiveCfg = Debug|Any CPU
		{723FA17A-AB9C-46A2-8591-D5764088E045}.Debug|x86.Build.0 = Debug|Any CPU
		{723FA17A-AB9C-46A2-8591-D5764088E045}.Release|Any CPU.ActiveCfg = Release|Any CPU
		{723FA17A-AB9C-46A2-8591-D5764088E045}.Release|Any CPU.Build.0 = Release|Any CPU
		{723FA17A-AB9C-46A2-8591-D5764088E045}.Release|x64.ActiveCfg = Release|Any CPU
		{723FA17A-AB9C-46A2-8591-D5764088E045}.Release|x64.Build.0 = Release|Any CPU
		{723FA17A-AB9C-46A2-8591-D5764088E045}.Release|x86.ActiveCfg = Release|Any CPU
		{723FA17A-AB9C-46A2-8591-D5764088E045}.Release|x86.Build.0 = Release|Any CPU
		{DBA6FE63-99E9-4356-BEC2-B52019EA99C0}.Debug|Any CPU.ActiveCfg = Debug|Any CPU
		{DBA6FE63-99E9-4356-BEC2-B52019EA99C0}.Debug|Any CPU.Build.0 = Debug|Any CPU
		{DBA6FE63-99E9-4356-BEC2-B52019EA99C0}.Debug|x64.ActiveCfg = Debug|Any CPU
		{DBA6FE63-99E9-4356-BEC2-B52019EA99C0}.Debug|x64.Build.0 = Debug|Any CPU
		{DBA6FE63-99E9-4356-BEC2-B52019EA99C0}.Debug|x86.ActiveCfg = Debug|Any CPU
		{DBA6FE63-99E9-4356-BEC2-B52019EA99C0}.Debug|x86.Build.0 = Debug|Any CPU
		{DBA6FE63-99E9-4356-BEC2-B52019EA99C0}.Release|Any CPU.ActiveCfg = Release|Any CPU
		{DBA6FE63-99E9-4356-BEC2-B52019EA99C0}.Release|Any CPU.Build.0 = Release|Any CPU
		{DBA6FE63-99E9-4356-BEC2-B52019EA99C0}.Release|x64.ActiveCfg = Release|Any CPU
		{DBA6FE63-99E9-4356-BEC2-B52019EA99C0}.Release|x64.Build.0 = Release|Any CPU
		{DBA6FE63-99E9-4356-BEC2-B52019EA99C0}.Release|x86.ActiveCfg = Release|Any CPU
		{DBA6FE63-99E9-4356-BEC2-B52019EA99C0}.Release|x86.Build.0 = Release|Any CPU
	EndGlobalSection
EndGlobal
